
Microsoft Visual Studio Solution File, Format Version 12.00
# Visual Studio 2012
Project("{FAE04EC0-301F-11D3-BF4B-00C04F79EFBC}") = "ReplayParser", "ReplayParser\ReplayParser.csproj", "{4DADCDA3-6910-4B16-9E72-3E9205DAA4D0}"
EndProject
Project("{FAE04EC0-301F-11D3-BF4B-00C04F79EFBC}") = "ReplayParserUnitTest", "ReplayParserUnitTest\ReplayParserUnitTest.csproj", "{01E4050A-91B6-4D6A-A776-A9C15E834D28}"
EndProject
Global
	GlobalSection(SubversionScc) = preSolution
		Svn-Managed = True
		Manager = AnkhSVN - Subversion Support for Visual Studio
	EndGlobalSection
	GlobalSection(SolutionConfigurationPlatforms) = preSolution
		Debug|Any CPU = Debug|Any CPU
		Release|Any CPU = Release|Any CPU
	EndGlobalSection
	GlobalSection(ProjectConfigurationPlatforms) = postSolution
		{4DADCDA3-6910-4B16-9E72-3E9205DAA4D0}.Debug|Any CPU.ActiveCfg = Debug|Any CPU
		{4DADCDA3-6910-4B16-9E72-3E9205DAA4D0}.Debug|Any CPU.Build.0 = Debug|Any CPU
		{4DADCDA3-6910-4B16-9E72-3E9205DAA4D0}.Release|Any CPU.ActiveCfg = Release|Any CPU
		{4DADCDA3-6910-4B16-9E72-3E9205DAA4D0}.Release|Any CPU.Build.0 = Release|Any CPU
		{01E4050A-91B6-4D6A-A776-A9C15E834D28}.Debug|Any CPU.ActiveCfg = Debug|Any CPU
		{01E4050A-91B6-4D6A-A776-A9C15E834D28}.Debug|Any CPU.Build.0 = Debug|Any CPU
		{01E4050A-91B6-4D6A-A776-A9C15E834D28}.Release|Any CPU.ActiveCfg = Release|Any CPU
		{01E4050A-91B6-4D6A-A776-A9C15E834D28}.Release|Any CPU.Build.0 = Release|Any CPU
	EndGlobalSection
	GlobalSection(SolutionProperties) = preSolution
		HideSolutionNode = FALSE
	EndGlobalSection
EndGlobal
